{
  "pins" : [
    {
      "identity" : "filestack-swift",
      "kind" : "remoteSourceControl",
      "location" : "https://github.com/mathieutozer/filestack-swift",
      "state" : {
        "branch" : "master",
        "revision" : "93eb0a748e25acfa1d1c316e3ebc659f6842cd35"
      }
    },
    {
      "identity" : "zipfoundation",
      "kind" : "remoteSourceControl",
      "location" : "https://github.com/weichsel/ZIPFoundation.git",
      "state" : {
        "revision" : "43ec568034b3731101dbf7670765d671c30f54f3",
        "version" : "0.9.16"
      }
    }
  ],
  "version" : 2
}
